
Microsoft Visual Studio Solution File, Format Version 12.00
# Visual Studio 14
VisualStudioVersion = 14.0.24720.0
MinimumVisualStudioVersion = 10.0.40219.1
Project("{FAE04EC0-301F-11D3-BF4B-00C04F79EFBC}") = "DependencyPCL.Form.Droid", "DependencyPCL.Form\DependencyPCL.Form.Droid\DependencyPCL.Form.Droid.csproj", "{DA34E879-5F26-4F01-919F-DB6882E0FCA3}"
EndProject
Project("{FAE04EC0-301F-11D3-BF4B-00C04F79EFBC}") = "DependencyPCL.Form.iOS", "DependencyPCL.Form\DependencyPCL.Form.iOS\DependencyPCL.Form.iOS.csproj", "{CF1F2E73-B4D2-4140-9DBF-4ABDEF547D06}"
EndProject
Project("{FAE04EC0-301F-11D3-BF4B-00C04F79EFBC}") = "DependencyPCL.Form", "DependencyPCL.Form\DependencyPCL.Form\DependencyPCL.Form.csproj", "{905D2E57-B117-4987-920B-343455F2063F}"
EndProject
Project("{D954291E-2A0B-460D-934E-DC6B0785DB48}") = "DependencyPCL.Shared", "DependencyPCL.Shared\DependencyPCL.Shared.shproj", "{02D658EF-39F5-4B70-9A1F-7FF0E060F1B2}"
EndProject
Project("{FAE04EC0-301F-11D3-BF4B-00C04F79EFBC}") = "DependencyPCL.Portable", "DependencyPCL.Portable\DependencyPCL.Portable.csproj", "{06FB2663-6B46-45DA-89FF-99FDC816CD60}"
EndProject
Project("{FAE04EC0-301F-11D3-BF4B-00C04F79EFBC}") = "DependencyPCL.Android", "DependencyPCL.Android\DependencyPCL.Android.csproj", "{FE8130EB-8002-4B99-BC17-8A27C16731EA}"
EndProject
Project("{FAE04EC0-301F-11D3-BF4B-00C04F79EFBC}") = "DependencyPCL.iOS", "DependencyPCL.iOS\DependencyPCL.iOS.csproj", "{96A077CC-EEC4-4D1E-9238-F934E45B8BB0}"
EndProject
Global
	GlobalSection(SharedMSBuildProjectFiles) = preSolution
		DependencyPCL.Shared\DependencyPCL.Shared.projitems*{96a077cc-eec4-4d1e-9238-f934e45b8bb0}*SharedItemsImports = 4
		DependencyPCL.Shared\DependencyPCL.Shared.projitems*{fe8130eb-8002-4b99-bc17-8a27c16731ea}*SharedItemsImports = 4
		DependencyPCL.Shared\DependencyPCL.Shared.projitems*{06fb2663-6b46-45da-89ff-99fdc816cd60}*SharedItemsImports = 4
		DependencyPCL.Shared\DependencyPCL.Shared.projitems*{02d658ef-39f5-4b70-9a1f-7ff0e060f1b2}*SharedItemsImports = 13
	EndGlobalSection
	GlobalSection(SolutionConfigurationPlatforms) = preSolution
		Ad-Hoc|Any CPU = Ad-Hoc|Any CPU
		Ad-Hoc|ARM = Ad-Hoc|ARM
		Ad-Hoc|iPhone = Ad-Hoc|iPhone
		Ad-Hoc|iPhoneSimulator = Ad-Hoc|iPhoneSimulator
		Ad-Hoc|x64 = Ad-Hoc|x64
		Ad-Hoc|x86 = Ad-Hoc|x86
		AppStore|Any CPU = AppStore|Any CPU
		AppStore|ARM = AppStore|ARM
		AppStore|iPhone = AppStore|iPhone
		AppStore|iPhoneSimulator = AppStore|iPhoneSimulator
		AppStore|x64 = AppStore|x64
		AppStore|x86 = AppStore|x86
		Debug|Any CPU = Debug|Any CPU
		Debug|ARM = Debug|ARM
		Debug|iPhone = Debug|iPhone
		Debug|iPhoneSimulator = Debug|iPhoneSimulator
		Debug|x64 = Debug|x64
		Debug|x86 = Debug|x86
		Release|Any CPU = Release|Any CPU
		Release|ARM = Release|ARM
		Release|iPhone = Release|iPhone
		Release|iPhoneSimulator = Release|iPhoneSimulator
		Release|x64 = Release|x64
		Release|x86 = Release|x86
	EndGlobalSection
	GlobalSection(ProjectConfigurationPlatforms) = postSolution
		{DA34E879-5F26-4F01-919F-DB6882E0FCA3}.Ad-Hoc|Any CPU.ActiveCfg = Release|Any CPU
		{DA34E879-5F26-4F01-919F-DB6882E0FCA3}.Ad-Hoc|Any CPU.Build.0 = Release|Any CPU
		{DA34E879-5F26-4F01-919F-DB6882E0FCA3}.Ad-Hoc|Any CPU.Deploy.0 = Release|Any CPU
		{DA34E879-5F26-4F01-919F-DB6882E0FCA3}.Ad-Hoc|ARM.ActiveCfg = Release|Any CPU
		{DA34E879-5F26-4F01-919F-DB6882E0FCA3}.Ad-Hoc|ARM.Build.0 = Release|Any CPU
		{DA34E879-5F26-4F01-919F-DB6882E0FCA3}.Ad-Hoc|ARM.Deploy.0 = Release|Any CPU
		{DA34E879-5F26-4F01-919F-DB6882E0FCA3}.Ad-Hoc|iPhone.ActiveCfg = Release|Any CPU
		{DA34E879-5F26-4F01-919F-DB6882E0FCA3}.Ad-Hoc|iPhone.Build.0 = Release|Any CPU
		{DA34E879-5F26-4F01-919F-DB6882E0FCA3}.Ad-Hoc|iPhone.Deploy.0 = Release|Any CPU
		{DA34E879-5F26-4F01-919F-DB6882E0FCA3}.Ad-Hoc|iPhoneSimulator.ActiveCfg = Release|Any CPU
		{DA34E879-5F26-4F01-919F-DB6882E0FCA3}.Ad-Hoc|iPhoneSimulator.Build.0 = Release|Any CPU
		{DA34E879-5F26-4F01-919F-DB6882E0FCA3}.Ad-Hoc|iPhoneSimulator.Deploy.0 = Release|Any CPU
		{DA34E879-5F26-4F01-919F-DB6882E0FCA3}.Ad-Hoc|x64.ActiveCfg = Release|Any CPU
		{DA34E879-5F26-4F01-919F-DB6882E0FCA3}.Ad-Hoc|x64.Build.0 = Release|Any CPU
		{DA34E879-5F26-4F01-919F-DB6882E0FCA3}.Ad-Hoc|x64.Deploy.0 = Release|Any CPU
		{DA34E879-5F26-4F01-919F-DB6882E0FCA3}.Ad-Hoc|x86.ActiveCfg = Release|Any CPU
		{DA34E879-5F26-4F01-919F-DB6882E0FCA3}.Ad-Hoc|x86.Build.0 = Release|Any CPU
		{DA34E879-5F26-4F01-919F-DB6882E0FCA3}.Ad-Hoc|x86.Deploy.0 = Release|Any CPU
		{DA34E879-5F26-4F01-919F-DB6882E0FCA3}.AppStore|Any CPU.ActiveCfg = Release|Any CPU
		{DA34E879-5F26-4F01-919F-DB6882E0FCA3}.AppStore|Any CPU.Build.0 = Release|Any CPU
		{DA34E879-5F26-4F01-919F-DB6882E0FCA3}.AppStore|Any CPU.Deploy.0 = Release|Any CPU
		{DA34E879-5F26-4F01-919F-DB6882E0FCA3}.AppStore|ARM.ActiveCfg = Release|Any CPU
		{DA34E879-5F26-4F01-919F-DB6882E0FCA3}.AppStore|ARM.Build.0 = Release|Any CPU
		{DA34E879-5F26-4F01-919F-DB6882E0FCA3}.AppStore|ARM.Deploy.0 = Release|Any CPU
		{DA34E879-5F26-4F01-919F-DB6882E0FCA3}.AppStore|iPhone.ActiveCfg = Release|Any CPU
		{DA34E879-5F26-4F01-919F-DB6882E0FCA3}.AppStore|iPhone.Build.0 = Release|Any CPU
		{DA34E879-5F26-4F01-919F-DB6882E0FCA3}.AppStore|iPhone.Deploy.0 = Release|Any CPU
		{DA34E879-5F26-4F01-919F-DB6882E0FCA3}.AppStore|iPhoneSimulator.ActiveCfg = Release|Any CPU
		{DA34E879-5F26-4F01-919F-DB6882E0FCA3}.AppStore|iPhoneSimulator.Build.0 = Release|Any CPU
		{DA34E879-5F26-4F01-919F-DB6882E0FCA3}.AppStore|iPhoneSimulator.Deploy.0 = Release|Any CPU
		{DA34E879-5F26-4F01-919F-DB6882E0FCA3}.AppStore|x64.ActiveCfg = Release|Any CPU
		{DA34E879-5F26-4F01-919F-DB6882E0FCA3}.AppStore|x64.Build.0 = Release|Any CPU
		{DA34E879-5F26-4F01-919F-DB6882E0FCA3}.AppStore|x64.Deploy.0 = Release|Any CPU
		{DA34E879-5F26-4F01-919F-DB6882E0FCA3}.AppStore|x86.ActiveCfg = Release|Any CPU
		{DA34E879-5F26-4F01-919F-DB6882E0FCA3}.AppStore|x86.Build.0 = Release|Any CPU
		{DA34E879-5F26-4F01-919F-DB6882E0FCA3}.AppStore|x86.Deploy.0 = Release|Any CPU
		{DA34E879-5F26-4F01-919F-DB6882E0FCA3}.Debug|Any CPU.ActiveCfg = Debug|Any CPU
		{DA34E879-5F26-4F01-919F-DB6882E0FCA3}.Debug|Any CPU.Build.0 = Debug|Any CPU
		{DA34E879-5F26-4F01-919F-DB6882E0FCA3}.Debug|Any CPU.Deploy.0 = Debug|Any CPU
		{DA34E879-5F26-4F01-919F-DB6882E0FCA3}.Debug|ARM.ActiveCfg = Debug|Any CPU
		{DA34E879-5F26-4F01-919F-DB6882E0FCA3}.Debug|ARM.Build.0 = Debug|Any CPU
		{DA34E879-5F26-4F01-919F-DB6882E0FCA3}.Debug|ARM.Deploy.0 = Debug|Any CPU
		{DA34E879-5F26-4F01-919F-DB6882E0FCA3}.Debug|iPhone.ActiveCfg = Debug|Any CPU
		{DA34E879-5F26-4F01-919F-DB6882E0FCA3}.Debug|iPhone.Build.0 = Debug|Any CPU
		{DA34E879-5F26-4F01-919F-DB6882E0FCA3}.Debug|iPhone.Deploy.0 = Debug|Any CPU
		{DA34E879-5F26-4F01-919F-DB6882E0FCA3}.Debug|iPhoneSimulator.ActiveCfg = Debug|Any CPU
		{DA34E879-5F26-4F01-919F-DB6882E0FCA3}.Debug|iPhoneSimulator.Build.0 = Debug|Any CPU
		{DA34E879-5F26-4F01-919F-DB6882E0FCA3}.Debug|iPhoneSimulator.Deploy.0 = Debug|Any CPU
		{DA34E879-5F26-4F01-919F-DB6882E0FCA3}.Debug|x64.ActiveCfg = Debug|Any CPU
		{DA34E879-5F26-4F01-919F-DB6882E0FCA3}.Debug|x64.Build.0 = Debug|Any CPU
		{DA34E879-5F26-4F01-919F-DB6882E0FCA3}.Debug|x64.Deploy.0 = Debug|Any CPU
		{DA34E879-5F26-4F01-919F-DB6882E0FCA3}.Debug|x86.ActiveCfg = Debug|Any CPU
		{DA34E879-5F26-4F01-919F-DB6882E0FCA3}.Debug|x86.Build.0 = Debug|Any CPU
		{DA34E879-5F26-4F01-919F-DB6882E0FCA3}.Debug|x86.Deploy.0 = Debug|Any CPU
		{DA34E879-5F26-4F01-919F-DB6882E0FCA3}.Release|Any CPU.ActiveCfg = Release|Any CPU
		{DA34E879-5F26-4F01-919F-DB6882E0FCA3}.Release|Any CPU.Build.0 = Release|Any CPU
		{DA34E879-5F26-4F01-919F-DB6882E0FCA3}.Release|Any CPU.Deploy.0 = Release|Any CPU
		{DA34E879-5F26-4F01-919F-DB6882E0FCA3}.Release|ARM.ActiveCfg = Release|Any CPU
		{DA34E879-5F26-4F01-919F-DB6882E0FCA3}.Release|ARM.Build.0 = Release|Any CPU
		{DA34E879-5F26-4F01-919F-DB6882E0FCA3}.Release|ARM.Deploy.0 = Release|Any CPU
		{DA34E879-5F26-4F01-919F-DB6882E0FCA3}.Release|iPhone.ActiveCfg = Release|Any CPU
		{DA34E879-5F26-4F01-919F-DB6882E0FCA3}.Release|iPhone.Build.0 = Release|Any CPU
		{DA34E879-5F26-4F01-919F-DB6882E0FCA3}.Release|iPhone.Deploy.0 = Release|Any CPU
		{DA34E879-5F26-4F01-919F-DB6882E0FCA3}.Release|iPhoneSimulator.ActiveCfg = Release|Any CPU
		{DA34E879-5F26-4F01-919F-DB6882E0FCA3}.Release|iPhoneSimulator.Build.0 = Release|Any CPU
		{DA34E879-5F26-4F01-919F-DB6882E0FCA3}.Release|iPhoneSimulator.Deploy.0 = Release|Any CPU
		{DA34E879-5F26-4F01-919F-DB6882E0FCA3}.Release|x64.ActiveCfg = Release|Any CPU
		{DA34E879-5F26-4F01-919F-DB6882E0FCA3}.Release|x64.Build.0 = Release|Any CPU
		{DA34E879-5F26-4F01-919F-DB6882E0FCA3}.Release|x64.Deploy.0 = Release|Any CPU
		{DA34E879-5F26-4F01-919F-DB6882E0FCA3}.Release|x86.ActiveCfg = Release|Any CPU
		{DA34E879-5F26-4F01-919F-DB6882E0FCA3}.Release|x86.Build.0 = Release|Any CPU
		{DA34E879-5F26-4F01-919F-DB6882E0FCA3}.Release|x86.Deploy.0 = Release|Any CPU
		{CF1F2E73-B4D2-4140-9DBF-4ABDEF547D06}.Ad-Hoc|Any CPU.ActiveCfg = Ad-Hoc|iPhone
		{CF1F2E73-B4D2-4140-9DBF-4ABDEF547D06}.Ad-Hoc|ARM.ActiveCfg = Ad-Hoc|iPhone
		{CF1F2E73-B4D2-4140-9DBF-4ABDEF547D06}.Ad-Hoc|iPhone.ActiveCfg = Ad-Hoc|iPhone
		{CF1F2E73-B4D2-4140-9DBF-4ABDEF547D06}.Ad-Hoc|iPhone.Build.0 = Ad-Hoc|iPhone
		{CF1F2E73-B4D2-4140-9DBF-4ABDEF547D06}.Ad-Hoc|iPhoneSimulator.ActiveCfg = Ad-Hoc|iPhoneSimulator
		{CF1F2E73-B4D2-4140-9DBF-4ABDEF547D06}.Ad-Hoc|iPhoneSimulator.Build.0 = Ad-Hoc|iPhoneSimulator
		{CF1F2E73-B4D2-4140-9DBF-4ABDEF547D06}.Ad-Hoc|x64.ActiveCfg = Ad-Hoc|iPhone
		{CF1F2E73-B4D2-4140-9DBF-4ABDEF547D06}.Ad-Hoc|x86.ActiveCfg = Ad-Hoc|iPhone
		{CF1F2E73-B4D2-4140-9DBF-4ABDEF547D06}.AppStore|Any CPU.ActiveCfg = AppStore|iPhone
		{CF1F2E73-B4D2-4140-9DBF-4ABDEF547D06}.AppStore|ARM.ActiveCfg = AppStore|iPhone
		{CF1F2E73-B4D2-4140-9DBF-4ABDEF547D06}.AppStore|iPhone.ActiveCfg = AppStore|iPhone
		{CF1F2E73-B4D2-4140-9DBF-4ABDEF547D06}.AppStore|iPhone.Build.0 = AppStore|iPhone
		{CF1F2E73-B4D2-4140-9DBF-4ABDEF547D06}.AppStore|iPhoneSimulator.ActiveCfg = AppStore|iPhoneSimulator
		{CF1F2E73-B4D2-4140-9DBF-4ABDEF547D06}.AppStore|iPhoneSimulator.Build.0 = AppStore|iPhoneSimulator
		{CF1F2E73-B4D2-4140-9DBF-4ABDEF547D06}.AppStore|x64.ActiveCfg = AppStore|iPhone
		{CF1F2E73-B4D2-4140-9DBF-4ABDEF547D06}.AppStore|x86.ActiveCfg = AppStore|iPhone
		{CF1F2E73-B4D2-4140-9DBF-4ABDEF547D06}.Debug|Any CPU.ActiveCfg = Debug|iPhone
		{CF1F2E73-B4D2-4140-9DBF-4ABDEF547D06}.Debug|ARM.ActiveCfg = Debug|iPhone
		{CF1F2E73-B4D2-4140-9DBF-4ABDEF547D06}.Debug|iPhone.ActiveCfg = Debug|iPhone
		{CF1F2E73-B4D2-4140-9DBF-4ABDEF547D06}.Debug|iPhone.Build.0 = Debug|iPhone
		{CF1F2E73-B4D2-4140-9DBF-4ABDEF547D06}.Debug|iPhoneSimulator.ActiveCfg = Debug|iPhoneSimulator
		{CF1F2E73-B4D2-4140-9DBF-4ABDEF547D06}.Debug|iPhoneSimulator.Build.0 = Debug|iPhoneSimulator
		{CF1F2E73-B4D2-4140-9DBF-4ABDEF547D06}.Debug|x64.ActiveCfg = Debug|iPhone
		{CF1F2E73-B4D2-4140-9DBF-4ABDEF547D06}.Debug|x86.ActiveCfg = Debug|iPhone
		{CF1F2E73-B4D2-4140-9DBF-4ABDEF547D06}.Release|Any CPU.ActiveCfg = Release|iPhone
		{CF1F2E73-B4D2-4140-9DBF-4ABDEF547D06}.Release|ARM.ActiveCfg = Release|iPhone
		{CF1F2E73-B4D2-4140-9DBF-4ABDEF547D06}.Release|iPhone.ActiveCfg = Release|iPhone
		{CF1F2E73-B4D2-4140-9DBF-4ABDEF547D06}.Release|iPhone.Build.0 = Release|iPhone
		{CF1F2E73-B4D2-4140-9DBF-4ABDEF547D06}.Release|iPhoneSimulator.ActiveCfg = Release|iPhoneSimulator
		{CF1F2E73-B4D2-4140-9DBF-4ABDEF547D06}.Release|iPhoneSimulator.Build.0 = Release|iPhoneSimulator
		{CF1F2E73-B4D2-4140-9DBF-4ABDEF547D06}.Release|x64.ActiveCfg = Release|iPhone
		{CF1F2E73-B4D2-4140-9DBF-4ABDEF547D06}.Release|x86.ActiveCfg = Release|iPhone
		{905D2E57-B117-4987-920B-343455F2063F}.Ad-Hoc|Any CPU.ActiveCfg = Release|Any CPU
		{905D2E57-B117-4987-920B-343455F2063F}.Ad-Hoc|Any CPU.Build.0 = Release|Any CPU
		{905D2E57-B117-4987-920B-343455F2063F}.Ad-Hoc|ARM.ActiveCfg = Release|Any CPU
		{905D2E57-B117-4987-920B-343455F2063F}.Ad-Hoc|ARM.Build.0 = Release|Any CPU
		{905D2E57-B117-4987-920B-343455F2063F}.Ad-Hoc|iPhone.ActiveCfg = Release|Any CPU
		{905D2E57-B117-4987-920B-343455F2063F}.Ad-Hoc|iPhone.Build.0 = Release|Any CPU
		{905D2E57-B117-4987-920B-343455F2063F}.Ad-Hoc|iPhoneSimulator.ActiveCfg = Release|Any CPU
		{905D2E57-B117-4987-920B-343455F2063F}.Ad-Hoc|iPhoneSimulator.Build.0 = Release|Any CPU
		{905D2E57-B117-4987-920B-343455F2063F}.Ad-Hoc|x64.ActiveCfg = Release|Any CPU
		{905D2E57-B117-4987-920B-343455F2063F}.Ad-Hoc|x64.Build.0 = Release|Any CPU
		{905D2E57-B117-4987-920B-343455F2063F}.Ad-Hoc|x86.ActiveCfg = Release|Any CPU
		{905D2E57-B117-4987-920B-343455F2063F}.Ad-Hoc|x86.Build.0 = Release|Any CPU
		{905D2E57-B117-4987-920B-343455F2063F}.AppStore|Any CPU.ActiveCfg = Release|Any CPU
		{905D2E57-B117-4987-920B-343455F2063F}.AppStore|Any CPU.Build.0 = Release|Any CPU
		{905D2E57-B117-4987-920B-343455F2063F}.AppStore|ARM.ActiveCfg = Release|Any CPU
		{905D2E57-B117-4987-920B-343455F2063F}.AppStore|ARM.Build.0 = Release|Any CPU
		{905D2E57-B117-4987-920B-343455F2063F}.AppStore|iPhone.ActiveCfg = Release|Any CPU
		{905D2E57-B117-4987-920B-343455F2063F}.AppStore|iPhone.Build.0 = Release|Any CPU
		{905D2E57-B117-4987-920B-343455F2063F}.AppStore|iPhoneSimulator.ActiveCfg = Release|Any CPU
		{905D2E57-B117-4987-920B-343455F2063F}.AppStore|iPhoneSimulator.Build.0 = Release|Any CPU
		{905D2E57-B117-4987-920B-343455F2063F}.AppStore|x64.ActiveCfg = Release|Any CPU
		{905D2E57-B117-4987-920B-343455F2063F}.AppStore|x64.Build.0 = Release|Any CPU
		{905D2E57-B117-4987-920B-343455F2063F}.AppStore|x86.ActiveCfg = Release|Any CPU
		{905D2E57-B117-4987-920B-343455F2063F}.AppStore|x86.Build.0 = Release|Any CPU
		{905D2E57-B117-4987-920B-343455F2063F}.Debug|Any CPU.ActiveCfg = Debug|Any CPU
		{905D2E57-B117-4987-920B-343455F2063F}.Debug|Any CPU.Build.0 = Debug|Any CPU
		{905D2E57-B117-4987-920B-343455F2063F}.Debug|ARM.ActiveCfg = Debug|Any CPU
		{905D2E57-B117-4987-920B-343455F2063F}.Debug|ARM.Build.0 = Debug|Any CPU
		{905D2E57-B117-4987-920B-343455F2063F}.Debug|iPhone.ActiveCfg = Debug|Any CPU
		{905D2E57-B117-4987-920B-343455F2063F}.Debug|iPhone.Build.0 = Debug|Any CPU
		{905D2E57-B117-4987-920B-343455F2063F}.Debug|iPhoneSimulator.ActiveCfg = Debug|Any CPU
		{905D2E57-B117-4987-920B-343455F2063F}.Debug|iPhoneSimulator.Build.0 = Debug|Any CPU
		{905D2E57-B117-4987-920B-343455F2063F}.Debug|x64.ActiveCfg = Debug|Any CPU
		{905D2E57-B117-4987-920B-343455F2063F}.Debug|x64.Build.0 = Debug|Any CPU
		{905D2E57-B117-4987-920B-343455F2063F}.Debug|x86.ActiveCfg = Debug|Any CPU
		{905D2E57-B117-4987-920B-343455F2063F}.Debug|x86.Build.0 = Debug|Any CPU
		{905D2E57-B117-4987-920B-343455F2063F}.Release|Any CPU.ActiveCfg = Release|Any CPU
		{905D2E57-B117-4987-920B-343455F2063F}.Release|Any CPU.Build.0 = Release|Any CPU
		{905D2E57-B117-4987-920B-343455F2063F}.Release|ARM.ActiveCfg = Release|Any CPU
		{905D2E57-B117-4987-920B-343455F2063F}.Release|ARM.Build.0 = Release|Any CPU
		{905D2E57-B117-4987-920B-343455F2063F}.Release|iPhone.ActiveCfg = Release|Any CPU
		{905D2E57-B117-4987-920B-343455F2063F}.Release|iPhone.Build.0 = Release|Any CPU
		{905D2E57-B117-4987-920B-343455F2063F}.Release|iPhoneSimulator.ActiveCfg = Release|Any CPU
		{905D2E57-B117-4987-920B-343455F2063F}.Release|iPhoneSimulator.Build.0 = Release|Any CPU
		{905D2E57-B117-4987-920B-343455F2063F}.Release|x64.ActiveCfg = Release|Any CPU
		{905D2E57-B117-4987-920B-343455F2063F}.Release|x64.Build.0 = Release|Any CPU
		{905D2E57-B117-4987-920B-343455F2063F}.Release|x86.ActiveCfg = Release|Any CPU
		{905D2E57-B117-4987-920B-343455F2063F}.Release|x86.Build.0 = Release|Any CPU
		{06FB2663-6B46-45DA-89FF-99FDC816CD60}.Ad-Hoc|Any CPU.ActiveCfg = Release|Any CPU
		{06FB2663-6B46-45DA-89FF-99FDC816CD60}.Ad-Hoc|Any CPU.Build.0 = Release|Any CPU
		{06FB2663-6B46-45DA-89FF-99FDC816CD60}.Ad-Hoc|ARM.ActiveCfg = Release|Any CPU
		{06FB2663-6B46-45DA-89FF-99FDC816CD60}.Ad-Hoc|ARM.Build.0 = Release|Any CPU
		{06FB2663-6B46-45DA-89FF-99FDC816CD60}.Ad-Hoc|iPhone.ActiveCfg = Release|Any CPU
		{06FB2663-6B46-45DA-89FF-99FDC816CD60}.Ad-Hoc|iPhone.Build.0 = Release|Any CPU
		{06FB2663-6B46-45DA-89FF-99FDC816CD60}.Ad-Hoc|iPhoneSimulator.ActiveCfg = Release|Any CPU
		{06FB2663-6B46-45DA-89FF-99FDC816CD60}.Ad-Hoc|iPhoneSimulator.Build.0 = Release|Any CPU
		{06FB2663-6B46-45DA-89FF-99FDC816CD60}.Ad-Hoc|x64.ActiveCfg = Release|Any CPU
		{06FB2663-6B46-45DA-89FF-99FDC816CD60}.Ad-Hoc|x64.Build.0 = Release|Any CPU
		{06FB2663-6B46-45DA-89FF-99FDC816CD60}.Ad-Hoc|x86.ActiveCfg = Release|Any CPU
		{06FB2663-6B46-45DA-89FF-99FDC816CD60}.Ad-Hoc|x86.Build.0 = Release|Any CPU
		{06FB2663-6B46-45DA-89FF-99FDC816CD60}.AppStore|Any CPU.ActiveCfg = Release|Any CPU
		{06FB2663-6B46-45DA-89FF-99FDC816CD60}.AppStore|Any CPU.Build.0 = Release|Any CPU
		{06FB2663-6B46-45DA-89FF-99FDC816CD60}.AppStore|ARM.ActiveCfg = Release|Any CPU
		{06FB2663-6B46-45DA-89FF-99FDC816CD60}.AppStore|ARM.Build.0 = Release|Any CPU
		{06FB2663-6B46-45DA-89FF-99FDC816CD60}.AppStore|iPhone.ActiveCfg = Release|Any CPU
		{06FB2663-6B46-45DA-89FF-99FDC816CD60}.AppStore|iPhone.Build.0 = Release|Any CPU
		{06FB2663-6B46-45DA-89FF-99FDC816CD60}.AppStore|iPhoneSimulator.ActiveCfg = Release|Any CPU
		{06FB2663-6B46-45DA-89FF-99FDC816CD60}.AppStore|iPhoneSimulator.Build.0 = Release|Any CPU
		{06FB2663-6B46-45DA-89FF-99FDC816CD60}.AppStore|x64.ActiveCfg = Release|Any CPU
		{06FB2663-6B46-45DA-89FF-99FDC816CD60}.AppStore|x64.Build.0 = Release|Any CPU
		{06FB2663-6B46-45DA-89FF-99FDC816CD60}.AppStore|x86.ActiveCfg = Release|Any CPU
		{06FB2663-6B46-45DA-89FF-99FDC816CD60}.AppStore|x86.Build.0 = Release|Any CPU
		{06FB2663-6B46-45DA-89FF-99FDC816CD60}.Debug|Any CPU.ActiveCfg = Debug|Any CPU
		{06FB2663-6B46-45DA-89FF-99FDC816CD60}.Debug|Any CPU.Build.0 = Debug|Any CPU
		{06FB2663-6B46-45DA-89FF-99FDC816CD60}.Debug|ARM.ActiveCfg = Debug|Any CPU
		{06FB2663-6B46-45DA-89FF-99FDC816CD60}.Debug|ARM.Build.0 = Debug|Any CPU
		{06FB2663-6B46-45DA-89FF-99FDC816CD60}.Debug|iPhone.ActiveCfg = Debug|Any CPU
		{06FB2663-6B46-45DA-89FF-99FDC816CD60}.Debug|iPhone.Build.0 = Debug|Any CPU
		{06FB2663-6B46-45DA-89FF-99FDC816CD60}.Debug|iPhoneSimulator.ActiveCfg = Debug|Any CPU
		{06FB2663-6B46-45DA-89FF-99FDC816CD60}.Debug|iPhoneSimulator.Build.0 = Debug|Any CPU
		{06FB2663-6B46-45DA-89FF-99FDC816CD60}.Debug|x64.ActiveCfg = Debug|Any CPU
		{06FB2663-6B46-45DA-89FF-99FDC816CD60}.Debug|x64.Build.0 = Debug|Any CPU
		{06FB2663-6B46-45DA-89FF-99FDC816CD60}.Debug|x86.ActiveCfg = Debug|Any CPU
		{06FB2663-6B46-45DA-89FF-99FDC816CD60}.Debug|x86.Build.0 = Debug|Any CPU
		{06FB2663-6B46-45DA-89FF-99FDC816CD60}.Release|Any CPU.ActiveCfg = Release|Any CPU
		{06FB2663-6B46-45DA-89FF-99FDC816CD60}.Release|Any CPU.Build.0 = Release|Any CPU
		{06FB2663-6B46-45DA-89FF-99FDC816CD60}.Release|ARM.ActiveCfg = Release|Any CPU
		{06FB2663-6B46-45DA-89FF-99FDC816CD60}.Release|ARM.Build.0 = Release|Any CPU
		{06FB2663-6B46-45DA-89FF-99FDC816CD60}.Release|iPhone.ActiveCfg = Release|Any CPU
		{06FB2663-6B46-45DA-89FF-99FDC816CD60}.Release|iPhone.Build.0 = Release|Any CPU
		{06FB2663-6B46-45DA-89FF-99FDC816CD60}.Release|iPhoneSimulator.ActiveCfg = Release|Any CPU
		{06FB2663-6B46-45DA-89FF-99FDC816CD60}.Release|iPhoneSimulator.Build.0 = Release|Any CPU
		{06FB2663-6B46-45DA-89FF-99FDC816CD60}.Release|x64.ActiveCfg = Release|Any CPU
		{06FB2663-6B46-45DA-89FF-99FDC816CD60}.Release|x64.Build.0 = Release|Any CPU
		{06FB2663-6B46-45DA-89FF-99FDC816CD60}.Release|x86.ActiveCfg = Release|Any CPU
		{06FB2663-6B46-45DA-89FF-99FDC816CD60}.Release|x86.Build.0 = Release|Any CPU
		{FE8130EB-8002-4B99-BC17-8A27C16731EA}.Ad-Hoc|Any CPU.ActiveCfg = Release|Any CPU
		{FE8130EB-8002-4B99-BC17-8A27C16731EA}.Ad-Hoc|Any CPU.Build.0 = Release|Any CPU
		{FE8130EB-8002-4B99-BC17-8A27C16731EA}.Ad-Hoc|ARM.ActiveCfg = Release|Any CPU
		{FE8130EB-8002-4B99-BC17-8A27C16731EA}.Ad-Hoc|ARM.Build.0 = Release|Any CPU
		{FE8130EB-8002-4B99-BC17-8A27C16731EA}.Ad-Hoc|iPhone.ActiveCfg = Release|Any CPU
		{FE8130EB-8002-4B99-BC17-8A27C16731EA}.Ad-Hoc|iPhone.Build.0 = Release|Any CPU
		{FE8130EB-8002-4B99-BC17-8A27C16731EA}.Ad-Hoc|iPhoneSimulator.ActiveCfg = Release|Any CPU
		{FE8130EB-8002-4B99-BC17-8A27C16731EA}.Ad-Hoc|iPhoneSimulator.Build.0 = Release|Any CPU
		{FE8130EB-8002-4B99-BC17-8A27C16731EA}.Ad-Hoc|x64.ActiveCfg = Release|Any CPU
		{FE8130EB-8002-4B99-BC17-8A27C16731EA}.Ad-Hoc|x64.Build.0 = Release|Any CPU
		{FE8130EB-8002-4B99-BC17-8A27C16731EA}.Ad-Hoc|x86.ActiveCfg = Release|Any CPU
		{FE8130EB-8002-4B99-BC17-8A27C16731EA}.Ad-Hoc|x86.Build.0 = Release|Any CPU
		{FE8130EB-8002-4B99-BC17-8A27C16731EA}.AppStore|Any CPU.ActiveCfg = Release|Any CPU
		{FE8130EB-8002-4B99-BC17-8A27C16731EA}.AppStore|Any CPU.Build.0 = Release|Any CPU
		{FE8130EB-8002-4B99-BC17-8A27C16731EA}.AppStore|ARM.ActiveCfg = Release|Any CPU
		{FE8130EB-8002-4B99-BC17-8A27C16731EA}.AppStore|ARM.Build.0 = Release|Any CPU
		{FE8130EB-8002-4B99-BC17-8A27C16731EA}.AppStore|iPhone.ActiveCfg = Release|Any CPU
		{FE8130EB-8002-4B99-BC17-8A27C16731EA}.AppStore|iPhone.Build.0 = Release|Any CPU
		{FE8130EB-8002-4B99-BC17-8A27C16731EA}.AppStore|iPhoneSimulator.ActiveCfg = Release|Any CPU
		{FE8130EB-8002-4B99-BC17-8A27C16731EA}.AppStore|iPhoneSimulator.Build.0 = Release|Any CPU
		{FE8130EB-8002-4B99-BC17-8A27C16731EA}.AppStore|x64.ActiveCfg = Release|Any CPU
		{FE8130EB-8002-4B99-BC17-8A27C16731EA}.AppStore|x64.Build.0 = Release|Any CPU
		{FE8130EB-8002-4B99-BC17-8A27C16731EA}.AppStore|x86.ActiveCfg = Release|Any CPU
		{FE8130EB-8002-4B99-BC17-8A27C16731EA}.AppStore|x86.Build.0 = Release|Any CPU
		{FE8130EB-8002-4B99-BC17-8A27C16731EA}.Debug|Any CPU.ActiveCfg = Debug|Any CPU
		{FE8130EB-8002-4B99-BC17-8A27C16731EA}.Debug|Any CPU.Build.0 = Debug|Any CPU
		{FE8130EB-8002-4B99-BC17-8A27C16731EA}.Debug|ARM.ActiveCfg = Debug|Any CPU
		{FE8130EB-8002-4B99-BC17-8A27C16731EA}.Debug|ARM.Build.0 = Debug|Any CPU
		{FE8130EB-8002-4B99-BC17-8A27C16731EA}.Debug|iPhone.ActiveCfg = Debug|Any CPU
		{FE8130EB-8002-4B99-BC17-8A27C16731EA}.Debug|iPhone.Build.0 = Debug|Any CPU
		{FE8130EB-8002-4B99-BC17-8A27C16731EA}.Debug|iPhoneSimulator.ActiveCfg = Debug|Any CPU
		{FE8130EB-8002-4B99-BC17-8A27C16731EA}.Debug|iPhoneSimulator.Build.0 = Debug|Any CPU
		{FE8130EB-8002-4B99-BC17-8A27C16731EA}.Debug|x64.ActiveCfg = Debug|Any CPU
		{FE8130EB-8002-4B99-BC17-8A27C16731EA}.Debug|x64.Build.0 = Debug|Any CPU
		{FE8130EB-8002-4B99-BC17-8A27C16731EA}.Debug|x86.ActiveCfg = Debug|Any CPU
		{FE8130EB-8002-4B99-BC17-8A27C16731EA}.Debug|x86.Build.0 = Debug|Any CPU
		{FE8130EB-8002-4B99-BC17-8A27C16731EA}.Release|Any CPU.ActiveCfg = Release|Any CPU
		{FE8130EB-8002-4B99-BC17-8A27C16731EA}.Release|Any CPU.Build.0 = Release|Any CPU
		{FE8130EB-8002-4B99-BC17-8A27C16731EA}.Release|ARM.ActiveCfg = Release|Any CPU
		{FE8130EB-8002-4B99-BC17-8A27C16731EA}.Release|ARM.Build.0 = Release|Any CPU
		{FE8130EB-8002-4B99-BC17-8A27C16731EA}.Release|iPhone.ActiveCfg = Release|Any CPU
		{FE8130EB-8002-4B99-BC17-8A27C16731EA}.Release|iPhone.Build.0 = Release|Any CPU
		{FE8130EB-8002-4B99-BC17-8A27C16731EA}.Release|iPhoneSimulator.ActiveCfg = Release|Any CPU
		{FE8130EB-8002-4B99-BC17-8A27C16731EA}.Release|iPhoneSimulator.Build.0 = Release|Any CPU
		{FE8130EB-8002-4B99-BC17-8A27C16731EA}.Release|x64.ActiveCfg = Release|Any CPU
		{FE8130EB-8002-4B99-BC17-8A27C16731EA}.Release|x64.Build.0 = Release|Any CPU
		{FE8130EB-8002-4B99-BC17-8A27C16731EA}.Release|x86.ActiveCfg = Release|Any CPU
		{FE8130EB-8002-4B99-BC17-8A27C16731EA}.Release|x86.Build.0 = Release|Any CPU
		{96A077CC-EEC4-4D1E-9238-F934E45B8BB0}.Ad-Hoc|Any CPU.ActiveCfg = AppStore|Any CPU
		{96A077CC-EEC4-4D1E-9238-F934E45B8BB0}.Ad-Hoc|Any CPU.Build.0 = AppStore|Any CPU
		{96A077CC-EEC4-4D1E-9238-F934E45B8BB0}.Ad-Hoc|ARM.ActiveCfg = AppStore|Any CPU
		{96A077CC-EEC4-4D1E-9238-F934E45B8BB0}.Ad-Hoc|ARM.Build.0 = AppStore|Any CPU
		{96A077CC-EEC4-4D1E-9238-F934E45B8BB0}.Ad-Hoc|iPhone.ActiveCfg = AppStore|Any CPU
		{96A077CC-EEC4-4D1E-9238-F934E45B8BB0}.Ad-Hoc|iPhone.Build.0 = AppStore|Any CPU
		{96A077CC-EEC4-4D1E-9238-F934E45B8BB0}.Ad-Hoc|iPhoneSimulator.ActiveCfg = AppStore|Any CPU
		{96A077CC-EEC4-4D1E-9238-F934E45B8BB0}.Ad-Hoc|iPhoneSimulator.Build.0 = AppStore|Any CPU
		{96A077CC-EEC4-4D1E-9238-F934E45B8BB0}.Ad-Hoc|x64.ActiveCfg = AppStore|Any CPU
		{96A077CC-EEC4-4D1E-9238-F934E45B8BB0}.Ad-Hoc|x64.Build.0 = AppStore|Any CPU
		{96A077CC-EEC4-4D1E-9238-F934E45B8BB0}.Ad-Hoc|x86.ActiveCfg = AppStore|Any CPU
		{96A077CC-EEC4-4D1E-9238-F934E45B8BB0}.Ad-Hoc|x86.Build.0 = AppStore|Any CPU
		{96A077CC-EEC4-4D1E-9238-F934E45B8BB0}.AppStore|Any CPU.ActiveCfg = AppStore|Any CPU
		{96A077CC-EEC4-4D1E-9238-F934E45B8BB0}.AppStore|Any CPU.Build.0 = AppStore|Any CPU
		{96A077CC-EEC4-4D1E-9238-F934E45B8BB0}.AppStore|ARM.ActiveCfg = AppStore|Any CPU
		{96A077CC-EEC4-4D1E-9238-F934E45B8BB0}.AppStore|ARM.Build.0 = AppStore|Any CPU
		{96A077CC-EEC4-4D1E-9238-F934E45B8BB0}.AppStore|iPhone.ActiveCfg = AppStore|Any CPU
		{96A077CC-EEC4-4D1E-9238-F934E45B8BB0}.AppStore|iPhone.Build.0 = AppStore|Any CPU
		{96A077CC-EEC4-4D1E-9238-F934E45B8BB0}.AppStore|iPhoneSimulator.ActiveCfg = AppStore|Any CPU
		{96A077CC-EEC4-4D1E-9238-F934E45B8BB0}.AppStore|iPhoneSimulator.Build.0 = AppStore|Any CPU
		{96A077CC-EEC4-4D1E-9238-F934E45B8BB0}.AppStore|x64.ActiveCfg = AppStore|Any CPU
		{96A077CC-EEC4-4D1E-9238-F934E45B8BB0}.AppStore|x64.Build.0 = AppStore|Any CPU
		{96A077CC-EEC4-4D1E-9238-F934E45B8BB0}.AppStore|x86.ActiveCfg = AppStore|Any CPU
		{96A077CC-EEC4-4D1E-9238-F934E45B8BB0}.AppStore|x86.Build.0 = AppStore|Any CPU
		{96A077CC-EEC4-4D1E-9238-F934E45B8BB0}.Debug|Any CPU.ActiveCfg = Debug|Any CPU
		{96A077CC-EEC4-4D1E-9238-F934E45B8BB0}.Debug|Any CPU.Build.0 = Debug|Any CPU
		{96A077CC-EEC4-4D1E-9238-F934E45B8BB0}.Debug|ARM.ActiveCfg = Debug|Any CPU
		{96A077CC-EEC4-4D1E-9238-F934E45B8BB0}.Debug|ARM.Build.0 = Debug|Any CPU
		{96A077CC-EEC4-4D1E-9238-F934E45B8BB0}.Debug|iPhone.ActiveCfg = Debug|Any CPU
		{96A077CC-EEC4-4D1E-9238-F934E45B8BB0}.Debug|iPhone.Build.0 = Debug|Any CPU
		{96A077CC-EEC4-4D1E-9238-F934E45B8BB0}.Debug|iPhoneSimulator.ActiveCfg = Debug|Any CPU
		{96A077CC-EEC4-4D1E-9238-F934E45B8BB0}.Debug|iPhoneSimulator.Build.0 = Debug|Any CPU
		{96A077CC-EEC4-4D1E-9238-F934E45B8BB0}.Debug|x64.ActiveCfg = Debug|Any CPU
		{96A077CC-EEC4-4D1E-9238-F934E45B8BB0}.Debug|x64.Build.0 = Debug|Any CPU
		{96A077CC-EEC4-4D1E-9238-F934E45B8BB0}.Debug|x86.ActiveCfg = Debug|Any CPU
		{96A077CC-EEC4-4D1E-9238-F934E45B8BB0}.Debug|x86.Build.0 = Debug|Any CPU
		{96A077CC-EEC4-4D1E-9238-F934E45B8BB0}.Release|Any CPU.ActiveCfg = Release|Any CPU
		{96A077CC-EEC4-4D1E-9238-F934E45B8BB0}.Release|Any CPU.Build.0 = Release|Any CPU
		{96A077CC-EEC4-4D1E-9238-F934E45B8BB0}.Release|ARM.ActiveCfg = Release|Any CPU
		{96A077CC-EEC4-4D1E-9238-F934E45B8BB0}.Release|ARM.Build.0 = Release|Any CPU
		{96A077CC-EEC4-4D1E-9238-F934E45B8BB0}.Release|iPhone.ActiveCfg = Release|Any CPU
		{96A077CC-EEC4-4D1E-9238-F934E45B8BB0}.Release|iPhone.Build.0 = Release|Any CPU
		{96A077CC-EEC4-4D1E-9238-F934E45B8BB0}.Release|iPhoneSimulator.ActiveCfg = Release|Any CPU
		{96A077CC-EEC4-4D1E-9238-F934E45B8BB0}.Release|iPhoneSimulator.Build.0 = Release|Any CPU
		{96A077CC-EEC4-4D1E-9238-F934E45B8BB0}.Release|x64.ActiveCfg = Release|Any CPU
		{96A077CC-EEC4-4D1E-9238-F934E45B8BB0}.Release|x64.Build.0 = Release|Any CPU
		{96A077CC-EEC4-4D1E-9238-F934E45B8BB0}.Release|x86.ActiveCfg = Release|Any CPU
		{96A077CC-EEC4-4D1E-9238-F934E45B8BB0}.Release|x86.Build.0 = Release|Any CPU
	EndGlobalSection
	GlobalSection(SolutionProperties) = preSolution
		HideSolutionNode = FALSE
	EndGlobalSection
EndGlobal
